
Microsoft Visual Studio Solution File, Format Version 12.00
# Visual Studio Version 16
VisualStudioVersion = 16.0.31729.503
MinimumVisualStudioVersion = 10.0.40219.1
Project("{9A19103F-16F7-4668-BE54-9A1E7A4F7556}") = "Angular", "Angular.csproj", "{25787407-0536-40C1-91A6-4CE750DFF175}"
EndProject
Project("{2150E333-8FDC-42A3-9474-1A3956D46DE8}") = "src", "src", "{883850A4-A8E1-448D-AA6C-65082950231A}"
EndProject
Project("{2150E333-8FDC-42A3-9474-1A3956D46DE8}") = "Presentations", "Presentations", "{5D52FA7F-301A-4988-8C7F-FDAB74F66DA4}"
EndProject
Project("{FAE04EC0-301F-11D3-BF4B-00C04F79EFBC}") = "WebApi", "..\ASP.NET Core WebAPI - BoilerPlate Template1\WebApi\WebApi.csproj", "{07F6137B-AC46-4047-A4BB-5C8CCC17634A}"
EndProject
Project("{2150E333-8FDC-42A3-9474-1A3956D46DE8}") = "Libraries", "Libraries", "{1B8EB4EB-2D6A-4C72-AD84-5C49521C15DE}"
EndProject
Project("{FAE04EC0-301F-11D3-BF4B-00C04F79EFBC}") = "Services", "..\ASP.NET Core WebAPI - BoilerPlate Template1\Services\Services.csproj", "{241BB84D-1568-4377-BE42-4D6020A1B9F1}"
EndProject
Project("{FAE04EC0-301F-11D3-BF4B-00C04F79EFBC}") = "Data", "..\ASP.NET Core WebAPI - BoilerPlate Template1\Data\Data.csproj", "{7EE75DFC-DEBB-4303-B3AA-1186537BDE0E}"
EndProject
Project("{FAE04EC0-301F-11D3-BF4B-00C04F79EFBC}") = "Models", "..\ASP.NET Core WebAPI - BoilerPlate Template1\Models\Models.csproj", "{492CC766-F924-49E1-9748-958763BE5503}"
EndProject
Project("{FAE04EC0-301F-11D3-BF4B-00C04F79EFBC}") = "Core", "..\ASP.NET Core WebAPI - BoilerPlate Template1\Core\Core.csproj", "{FF01B20B-E342-4D28-8985-E6D10458A789}"
EndProject
Project("{FAE04EC0-301F-11D3-BF4B-00C04F79EFBC}") = "Caching", "..\ASP.NET Core WebAPI - BoilerPlate Template1\Caching\Caching.csproj", "{680430AA-B4D2-4D06-9F58-112B07355BDB}"
EndProject
Project("{FAE04EC0-301F-11D3-BF4B-00C04F79EFBC}") = "Identity", "..\ASP.NET Core WebAPI - BoilerPlate Template1\Identity\Identity.csproj", "{D0063228-405C-4DF4-9A12-93C08FCA440B}"
EndProject
Global
	GlobalSection(SolutionConfigurationPlatforms) = preSolution
		Debug|Any CPU = Debug|Any CPU
		Release|Any CPU = Release|Any CPU
	EndGlobalSection
	GlobalSection(ProjectConfigurationPlatforms) = postSolution
		{25787407-0536-40C1-91A6-4CE750DFF175}.Debug|Any CPU.ActiveCfg = Debug|Any CPU
		{25787407-0536-40C1-91A6-4CE750DFF175}.Debug|Any CPU.Build.0 = Debug|Any CPU
		{25787407-0536-40C1-91A6-4CE750DFF175}.Release|Any CPU.ActiveCfg = Release|Any CPU
		{25787407-0536-40C1-91A6-4CE750DFF175}.Release|Any CPU.Build.0 = Release|Any CPU
		{07F6137B-AC46-4047-A4BB-5C8CCC17634A}.Debug|Any CPU.ActiveCfg = Debug|Any CPU
		{07F6137B-AC46-4047-A4BB-5C8CCC17634A}.Debug|Any CPU.Build.0 = Debug|Any CPU
		{07F6137B-AC46-4047-A4BB-5C8CCC17634A}.Release|Any CPU.ActiveCfg = Release|Any CPU
		{07F6137B-AC46-4047-A4BB-5C8CCC17634A}.Release|Any CPU.Build.0 = Release|Any CPU
		{241BB84D-1568-4377-BE42-4D6020A1B9F1}.Debug|Any CPU.ActiveCfg = Debug|Any CPU
		{241BB84D-1568-4377-BE42-4D6020A1B9F1}.Debug|Any CPU.Build.0 = Debug|Any CPU
		{241BB84D-1568-4377-BE42-4D6020A1B9F1}.Release|Any CPU.ActiveCfg = Release|Any CPU
		{241BB84D-1568-4377-BE42-4D6020A1B9F1}.Release|Any CPU.Build.0 = Release|Any CPU
		{7EE75DFC-DEBB-4303-B3AA-1186537BDE0E}.Debug|Any CPU.ActiveCfg = Debug|Any CPU
		{7EE75DFC-DEBB-4303-B3AA-1186537BDE0E}.Debug|Any CPU.Build.0 = Debug|Any CPU
		{7EE75DFC-DEBB-4303-B3AA-1186537BDE0E}.Release|Any CPU.ActiveCfg = Release|Any CPU
		{7EE75DFC-DEBB-4303-B3AA-1186537BDE0E}.Release|Any CPU.Build.0 = Release|Any CPU
		{492CC766-F924-49E1-9748-958763BE5503}.Debug|Any CPU.ActiveCfg = Debug|Any CPU
		{492CC766-F924-49E1-9748-958763BE5503}.Debug|Any CPU.Build.0 = Debug|Any CPU
		{492CC766-F924-49E1-9748-958763BE5503}.Release|Any CPU.ActiveCfg = Release|Any CPU
		{492CC766-F924-49E1-9748-958763BE5503}.Release|Any CPU.Build.0 = Release|Any CPU
		{FF01B20B-E342-4D28-8985-E6D10458A789}.Debug|Any CPU.ActiveCfg = Debug|Any CPU
		{FF01B20B-E342-4D28-8985-E6D10458A789}.Debug|Any CPU.Build.0 = Debug|Any CPU
		{FF01B20B-E342-4D28-8985-E6D10458A789}.Release|Any CPU.ActiveCfg = Release|Any CPU
		{FF01B20B-E342-4D28-8985-E6D10458A789}.Release|Any CPU.Build.0 = Release|Any CPU
		{680430AA-B4D2-4D06-9F58-112B07355BDB}.Debug|Any CPU.ActiveCfg = Debug|Any CPU
		{680430AA-B4D2-4D06-9F58-112B07355BDB}.Debug|Any CPU.Build.0 = Debug|Any CPU
		{680430AA-B4D2-4D06-9F58-112B07355BDB}.Release|Any CPU.ActiveCfg = Release|Any CPU
		{680430AA-B4D2-4D06-9F58-112B07355BDB}.Release|Any CPU.Build.0 = Release|Any CPU
		{D0063228-405C-4DF4-9A12-93C08FCA440B}.Debug|Any CPU.ActiveCfg = Debug|Any CPU
		{D0063228-405C-4DF4-9A12-93C08FCA440B}.Debug|Any CPU.Build.0 = Debug|Any CPU
		{D0063228-405C-4DF4-9A12-93C08FCA440B}.Release|Any CPU.ActiveCfg = Release|Any CPU
		{D0063228-405C-4DF4-9A12-93C08FCA440B}.Release|Any CPU.Build.0 = Release|Any CPU
	EndGlobalSection
	GlobalSection(SolutionProperties) = preSolution
		HideSolutionNode = FALSE
	EndGlobalSection
	GlobalSection(NestedProjects) = preSolution
		{5D52FA7F-301A-4988-8C7F-FDAB74F66DA4} = {883850A4-A8E1-448D-AA6C-65082950231A}
		{07F6137B-AC46-4047-A4BB-5C8CCC17634A} = {5D52FA7F-301A-4988-8C7F-FDAB74F66DA4}
		{1B8EB4EB-2D6A-4C72-AD84-5C49521C15DE} = {883850A4-A8E1-448D-AA6C-65082950231A}
		{241BB84D-1568-4377-BE42-4D6020A1B9F1} = {1B8EB4EB-2D6A-4C72-AD84-5C49521C15DE}
		{7EE75DFC-DEBB-4303-B3AA-1186537BDE0E} = {1B8EB4EB-2D6A-4C72-AD84-5C49521C15DE}
		{492CC766-F924-49E1-9748-958763BE5503} = {1B8EB4EB-2D6A-4C72-AD84-5C49521C15DE}
		{FF01B20B-E342-4D28-8985-E6D10458A789} = {1B8EB4EB-2D6A-4C72-AD84-5C49521C15DE}
		{680430AA-B4D2-4D06-9F58-112B07355BDB} = {1B8EB4EB-2D6A-4C72-AD84-5C49521C15DE}
		{D0063228-405C-4DF4-9A12-93C08FCA440B} = {1B8EB4EB-2D6A-4C72-AD84-5C49521C15DE}
	EndGlobalSection
	GlobalSection(ExtensibilityGlobals) = postSolution
		SolutionGuid = {CEF092CD-B8F4-4CB2-AFA3-AE5765E0E2F4}
	EndGlobalSection
EndGlobal
